// !$*UTF8*$!
{
	archiveVersion = 1;
	classes = {
	};
	objectVersion = 55;
	objects = {

/* Begin PBXBuildFile section */
		52AC086F2754EC0E00A8B059 /* egeongul_Ongul_Ege_hw4.cpp in Sources */ = {isa = PBXBuildFile; fileRef = 52AC086E2754EC0E00A8B059 /* egeongul_Ongul_Ege_hw4.cpp */; };
		52AC08742754EC2D00A8B059 /* DynIntQueue.cpp in Sources */ = {isa = PBXBuildFile; fileRef = 52AC08702754EC2C00A8B059 /* DynIntQueue.cpp */; };
		52AC08752754EC2D00A8B059 /* DynIntStack.cpp in Sources */ = {isa = PBXBuildFile; fileRef = 52AC08732754EC2D00A8B059 /* DynIntStack.cpp */; };
		52AC087B2754EC3300A8B059 /* strutils.cpp in Sources */ = {isa = PBXBuildFile; fileRef = 52AC087A2754EC3300A8B059 /* strutils.cpp */; };
/* End PBXBuildFile section */

/* Begin PBXCopyFilesBuildPhase section */
		52AC08622754EBF500A8B059 /* CopyFiles */ = {
			isa = PBXCopyFilesBuildPhase;
			buildActionMask = 2147483647;
			dstPath = /usr/share/man/man1/;
			dstSubfolderSpec = 0;
			files = (
			);
			runOnlyForDeploymentPostprocessing = 1;
		};
/* End PBXCopyFilesBuildPhase section */

/* Begin PBXFileReference section */
		52AC08642754EBF500A8B059 /* egeongul_Ongul_Ege_hw4 */ = {isa = PBXFileReference; explicitFileType = "compiled.mach-o.executable"; includeInIndex = 0; path = egeongul_Ongul_Ege_hw4; sourceTree = BUILT_PRODUCTS_DIR; };
		52AC086E2754EC0E00A8B059 /* egeongul_Ongul_Ege_hw4.cpp */ = {isa = PBXFileReference; lastKnownFileType = sourcecode.cpp.cpp; path = egeongul_Ongul_Ege_hw4.cpp; sourceTree = "<group>"; };
		52AC08702754EC2C00A8B059 /* DynIntQueue.cpp */ = {isa = PBXFileReference; fileEncoding = 4; lastKnownFileType = sourcecode.cpp.cpp; path = DynIntQueue.cpp; sourceTree = "<group>"; };
		52AC08712754EC2C00A8B059 /* DynIntStack.h */ = {isa = PBXFileReference; fileEncoding = 4; lastKnownFileType = sourcecode.c.h; path = DynIntStack.h; sourceTree = "<group>"; };
		52AC08722754EC2C00A8B059 /* DynIntQueue.h */ = {isa = PBXFileReference; fileEncoding = 4; lastKnownFileType = sourcecode.c.h; path = DynIntQueue.h; sourceTree = "<group>"; };
		52AC08732754EC2D00A8B059 /* DynIntStack.cpp */ = {isa = PBXFileReference; fileEncoding = 4; lastKnownFileType = sourcecode.cpp.cpp; path = DynIntStack.cpp; sourceTree = "<group>"; };
		52AC08762754EC3300A8B059 /* input3.txt */ = {isa = PBXFileReference; fileEncoding = 4; lastKnownFileType = text; path = input3.txt; sourceTree = "<group>"; };
		52AC08772754EC3300A8B059 /* strutils.h */ = {isa = PBXFileReference; fileEncoding = 4; lastKnownFileType = sourcecode.c.h; path = strutils.h; sourceTree = "<group>"; };
		52AC08782754EC3300A8B059 /* input1.txt */ = {isa = PBXFileReference; fileEncoding = 4; lastKnownFileType = text; path = input1.txt; sourceTree = "<group>"; };
		52AC08792754EC3300A8B059 /* input2.txt */ = {isa = PBXFileReference; fileEncoding = 4; lastKnownFileType = text; path = input2.txt; sourceTree = "<group>"; };
		52AC087A2754EC3300A8B059 /* strutils.cpp */ = {isa = PBXFileReference; fileEncoding = 4; lastKnownFileType = sourcecode.cpp.cpp; path = strutils.cpp; sourceTree = "<group>"; };
/* End PBXFileReference section */

/* Begin PBXFrameworksBuildPhase section */
		52AC08612754EBF500A8B059 /* Frameworks */ = {
			isa = PBXFrameworksBuildPhase;
			buildActionMask = 2147483647;
			files = (
			);
			runOnlyForDeploymentPostprocessing = 0;
		};
/* End PBXFrameworksBuildPhase section */

/* Begin PBXGroup section */
		52AC085B2754EBF500A8B059 = {
			isa = PBXGroup;
			children = (
				52AC08662754EBF500A8B059 /* egeongul_Ongul_Ege_hw4 */,
				52AC08652754EBF500A8B059 /* Products */,
			);
			sourceTree = "<group>";
		};
		52AC08652754EBF500A8B059 /* Products */ = {
			isa = PBXGroup;
			children = (
				52AC08642754EBF500A8B059 /* egeongul_Ongul_Ege_hw4 */,
			);
			name = Products;
			sourceTree = "<group>";
		};
		52AC08662754EBF500A8B059 /* egeongul_Ongul_Ege_hw4 */ = {
			isa = PBXGroup;
			children = (
				52AC08702754EC2C00A8B059 /* DynIntQueue.cpp */,
				52AC08722754EC2C00A8B059 /* DynIntQueue.h */,
				52AC08732754EC2D00A8B059 /* DynIntStack.cpp */,
				52AC08712754EC2C00A8B059 /* DynIntStack.h */,
				52AC08782754EC3300A8B059 /* input1.txt */,
				52AC08792754EC3300A8B059 /* input2.txt */,
				52AC08762754EC3300A8B059 /* input3.txt */,
				52AC087A2754EC3300A8B059 /* strutils.cpp */,
				52AC08772754EC3300A8B059 /* strutils.h */,
				52AC086E2754EC0E00A8B059 /* egeongul_Ongul_Ege_hw4.cpp */,
			);
			path = egeongul_Ongul_Ege_hw4;
			sourceTree = "<group>";
		};
/* End PBXGroup section */

/* Begin PBXNativeTarget section */
		52AC08632754EBF500A8B059 /* egeongul_Ongul_Ege_hw4 */ = {
			isa = PBXNativeTarget;
			buildConfigurationList = 52AC086B2754EBF500A8B059 /* Build configuration list for PBXNativeTarget "egeongul_Ongul_Ege_hw4" */;
			buildPhases = (
				52AC08602754EBF500A8B059 /* Sources */,
				52AC08612754EBF500A8B059 /* Frameworks */,
				52AC08622754EBF500A8B059 /* CopyFiles */,
			);
			buildRules = (
			);
			dependencies = (
			);
			name = egeongul_Ongul_Ege_hw4;
			productName = egeongul_Ongul_Ege_hw4;
			productReference = 52AC08642754EBF500A8B059 /* egeongul_Ongul_Ege_hw4 */;
			productType = "com.apple.product-type.tool";
		};
/* End PBXNativeTarget section */

/* Begin PBXProject section */
		52AC085C2754EBF500A8B059 /* Project object */ = {
			isa = PBXProject;
			attributes = {
				BuildIndependentTargetsInParallel = 1;
				LastUpgradeCheck = 1310;
				TargetAttributes = {
					52AC08632754EBF500A8B059 = {
						CreatedOnToolsVersion = 13.1;
					};
				};
			};
			buildConfigurationList = 52AC085F2754EBF500A8B059 /* Build configuration list for PBXProject "egeongul_Ongul_Ege_hw4" */;
			compatibilityVersion = "Xcode 13.0";
			developmentRegion = en;
			hasScannedForEncodings = 0;
			knownRegions = (
				en,
				Base,
			);
			mainGroup = 52AC085B2754EBF500A8B059;
			productRefGroup = 52AC08652754EBF500A8B059 /* Products */;
			projectDirPath = "";
			projectRoot = "";
			targets = (
				52AC08632754EBF500A8B059 /* egeongul_Ongul_Ege_hw4 */,
			);
		};
/* End PBXProject section */

/* Begin PBXSourcesBuildPhase section */
		52AC08602754EBF500A8B059 /* Sources */ = {
			isa = PBXSourcesBuildPhase;
			buildActionMask = 2147483647;
			files = (
				52AC086F2754EC0E00A8B059 /* egeongul_Ongul_Ege_hw4.cpp in Sources */,
				52AC08742754EC2D00A8B059 /* DynIntQueue.cpp in Sources */,
				52AC08752754EC2D00A8B059 /* DynIntStack.cpp in Sources */,
				52AC087B2754EC3300A8B059 /* strutils.cpp in Sources */,
			);
			runOnlyForDeploymentPostprocessing = 0;
		};
/* End PBXSourcesBuildPhase section */

/* Begin XCBuildConfiguration section */
		52AC08692754EBF500A8B059 /* Debug */ = {
			isa = XCBuildConfiguration;
			buildSettings = {
				ALWAYS_SEARCH_USER_PATHS = NO;
				CLANG_ANALYZER_NONNULL = YES;
				CLANG_ANALYZER_NUMBER_OBJECT_CONVERSION = YES_AGGRESSIVE;
				CLANG_CXX_LANGUAGE_STANDARD = "gnu++17";
				CLANG_CXX_LIBRARY = "libc++";
				CLANG_ENABLE_MODULES = YES;
				CLANG_ENABLE_OBJC_ARC = YES;
				CLANG_ENABLE_OBJC_WEAK = YES;
				CLANG_WARN_BLOCK_CAPTURE_AUTORELEASING = YES;
				CLANG_WARN_BOOL_CONVERSION = YES;
				CLANG_WARN_COMMA = YES;
				CLANG_WARN_CONSTANT_CONVERSION = YES;
				CLANG_WARN_DEPRECATED_OBJC_IMPLEMENTATIONS = YES;
				CLANG_WARN_DIRECT_OBJC_ISA_USAGE = YES_ERROR;
				CLANG_WARN_DOCUMENTATION_COMMENTS = YES;
				CLANG_WARN_EMPTY_BODY = YES;
				CLANG_WARN_ENUM_CONVERSION = YES;
				CLANG_WARN_INFINITE_RECURSION = YES;
				CLANG_WARN_INT_CONVERSION = YES;
				CLANG_WARN_NON_LITERAL_NULL_CONVERSION = YES;
				CLANG_WARN_OBJC_IMPLICIT_RETAIN_SELF = YES;
				CLANG_WARN_OBJC_LITERAL_CONVERSION = YES;
				CLANG_WARN_OBJC_ROOT_CLASS = YES_ERROR;
				CLANG_WARN_QUOTED_INCLUDE_IN_FRAMEWORK_HEADER = YES;
				CLANG_WARN_RANGE_LOOP_ANALYSIS = YES;
				CLANG_WARN_STRICT_PROTOTYPES = YES;
				CLANG_WARN_SUSPICIOUS_MOVE = YES;
				CLANG_WARN_UNGUARDED_AVAILABILITY = YES_AGGRESSIVE;
				CLANG_WARN_UNREACHABLE_CODE = YES;
				CLANG_WARN__DUPLICATE_METHOD_MATCH = YES;
				COPY_PHASE_STRIP = NO;
				DEBUG_INFORMATION_FORMAT = dwarf;
				ENABLE_STRICT_OBJC_MSGSEND = YES;
				ENABLE_TESTABILITY = YES;
				GCC_C_LANGUAGE_STANDARD = gnu11;
				GCC_DYNAMIC_NO_PIC = NO;
				GCC_NO_COMMON_BLOCKS = YES;
				GCC_OPTIMIZATION_LEVEL = 0;
				GCC_PREPROCESSOR_DEFINITIONS = (
					"DEBUG=1",
					"$(inherited)",
				);
				GCC_WARN_64_TO_32_BIT_CONVERSION = YES;
				GCC_WARN_ABOUT_RETURN_TYPE = YES_ERROR;
				GCC_WARN_UNDECLARED_SELECTOR = YES;
				GCC_WARN_UNINITIALIZED_AUTOS = YES_AGGRESSIVE;
				GCC_WARN_UNUSED_FUNCTION = YES;
				GCC_WARN_UNUSED_VARIABLE = YES;
				MACOSX_DEPLOYMENT_TARGET = 11.6;
				MTL_ENABLE_DEBUG_INFO = INCLUDE_SOURCE;
				MTL_FAST_MATH = YES;
				ONLY_ACTIVE_ARCH = YES;
				SDKROOT = macosx;
			};
			name = Debug;
		};
		52AC086A2754EBF500A8B059 /* Release */ = {
			isa = XCBuildConfiguration;
			buildSettings = {
				ALWAYS_SEARCH_USER_PATHS = NO;
				CLANG_ANALYZER_NONNULL = YES;
				CLANG_ANALYZER_NUMBER_OBJECT_CONVERSION = YES_AGGRESSIVE;
				CLANG_CXX_LANGUAGE_STANDARD = "gnu++17";
				CLANG_CXX_LIBRARY = "libc++";
				CLANG_ENABLE_MODULES = YES;
				CLANG_ENABLE_OBJC_ARC = YES;
				CLANG_ENABLE_OBJC_WEAK = YES;
				CLANG_WARN_BLOCK_CAPTURE_AUTORELEASING = YES;
				CLANG_WARN_BOOL_CONVERSION = YES;
				CLANG_WARN_COMMA = YES;
				CLANG_WARN_CONSTANT_CONVERSION = YES;
				CLANG_WARN_DEPRECATED_OBJC_IMPLEMENTATIONS = YES;
				CLANG_WARN_DIRECT_OBJC_ISA_USAGE = YES_ERROR;
				CLANG_WARN_DOCUMENTATION_COMMENTS = YES;
				CLANG_WARN_EMPTY_BODY = YES;
				CLANG_WARN_ENUM_CONVERSION = YES;
				CLANG_WARN_INFINITE_RECURSION = YES;
				CLANG_WARN_INT_CONVERSION = YES;
				CLANG_WARN_NON_LITERAL_NULL_CONVERSION = YES;
				CLANG_WARN_OBJC_IMPLICIT_RETAIN_SELF = YES;
				CLANG_WARN_OBJC_LITERAL_CONVERSION = YES;
				CLANG_WARN_OBJC_ROOT_CLASS = YES_ERROR;
				CLANG_WARN_QUOTED_INCLUDE_IN_FRAMEWORK_HEADER = YES;
				CLANG_WARN_RANGE_LOOP_ANALYSIS = YES;
				CLANG_WARN_STRICT_PROTOTYPES = YES;
				CLANG_WARN_SUSPICIOUS_MOVE = YES;
				CLANG_WARN_UNGUARDED_AVAILABILITY = YES_AGGRESSIVE;
				CLANG_WARN_UNREACHABLE_CODE = YES;
				CLANG_WARN__DUPLICATE_METHOD_MATCH = YES;
				COPY_PHASE_STRIP = NO;
				DEBUG_INFORMATION_FORMAT = "dwarf-with-dsym";
				ENABLE_NS_ASSERTIONS = NO;
				ENABLE_STRICT_OBJC_MSGSEND = YES;
				GCC_C_LANGUAGE_STANDARD = gnu11;
				GCC_NO_COMMON_BLOCKS = YES;
				GCC_WARN_64_TO_32_BIT_CONVERSION = YES;
				GCC_WARN_ABOUT_RETURN_TYPE = YES_ERROR;
				GCC_WARN_UNDECLARED_SELECTOR = YES;
				GCC_WARN_UNINITIALIZED_AUTOS = YES_AGGRESSIVE;
				GCC_WARN_UNUSED_FUNCTION = YES;
				GCC_WARN_UNUSED_VARIABLE = YES;
				MACOSX_DEPLOYMENT_TARGET = 11.6;
				MTL_ENABLE_DEBUG_INFO = NO;
				MTL_FAST_MATH = YES;
				SDKROOT = macosx;
			};
			name = Release;
		};
		52AC086C2754EBF500A8B059 /* Debug */ = {
			isa = XCBuildConfiguration;
			buildSettings = {
				CODE_SIGN_STYLE = Automatic;
				DEVELOPMENT_TEAM = 3MQFZRYZ3X;
				ENABLE_HARDENED_RUNTIME = YES;
				PRODUCT_NAME = "$(TARGET_NAME)";
			};
			name = Debug;
		};
		52AC086D2754EBF500A8B059 /* Release */ = {
			isa = XCBuildConfiguration;
			buildSettings = {
				CODE_SIGN_STYLE = Automatic;
				DEVELOPMENT_TEAM = 3MQFZRYZ3X;
				ENABLE_HARDENED_RUNTIME = YES;
				PRODUCT_NAME = "$(TARGET_NAME)";
			};
			name = Release;
		};
/* End XCBuildConfiguration section */

/* Begin XCConfigurationList section */
		52AC085F2754EBF500A8B059 /* Build configuration list for PBXProject "egeongul_Ongul_Ege_hw4" */ = {
			isa = XCConfigurationList;
			buildConfigurations = (
				52AC08692754EBF500A8B059 /* Debug */,
				52AC086A2754EBF500A8B059 /* Release */,
			);
			defaultConfigurationIsVisible = 0;
			defaultConfigurationName = Release;
		};
		52AC086B2754EBF500A8B059 /* Build configuration list for PBXNativeTarget "egeongul_Ongul_Ege_hw4" */ = {
			isa = XCConfigurationList;
			buildConfigurations = (
				52AC086C2754EBF500A8B059 /* Debug */,
				52AC086D2754EBF500A8B059 /* Release */,
			);
			defaultConfigurationIsVisible = 0;
			defaultConfigurationName = Release;
		};
/* End XCConfigurationList section */
	};
	rootObject = 52AC085C2754EBF500A8B059 /* Project object */;
}
