// !$*UTF8*$!
{
	archiveVersion = 1;
	classes = {
	};
	objectVersion = 50;
	objects = {

/* Begin PBXBuildFile section */
		52638DA1265D590B00B71CB4 /* main.cpp in Sources */ = {isa = PBXBuildFile; fileRef = 52638DA0265D590B00B71CB4 /* main.cpp */; };
		52638DB0265D5A0600B71CB4 /* date-2.cpp in Sources */ = {isa = PBXBuildFile; fileRef = 52638DAC265D5A0600B71CB4 /* date-2.cpp */; };
		52638DB1265D5A0600B71CB4 /* strutils.cpp in Sources */ = {isa = PBXBuildFile; fileRef = 52638DAF265D5A0600B71CB4 /* strutils.cpp */; };
		52AEA45D266CE02800A5B5EC /* Reservations.cpp in Sources */ = {isa = PBXBuildFile; fileRef = 52AEA45B266CE02800A5B5EC /* Reservations.cpp */; };
/* End PBXBuildFile section */

/* Begin PBXCopyFilesBuildPhase section */
		52638D9B265D590B00B71CB4 /* CopyFiles */ = {
			isa = PBXCopyFilesBuildPhase;
			buildActionMask = 2147483647;
			dstPath = /usr/share/man/man1/;
			dstSubfolderSpec = 0;
			files = (
			);
			runOnlyForDeploymentPostprocessing = 1;
		};
/* End PBXCopyFilesBuildPhase section */

/* Begin PBXFileReference section */
		52638D9D265D590B00B71CB4 /* THE5 */ = {isa = PBXFileReference; explicitFileType = "compiled.mach-o.executable"; includeInIndex = 0; path = THE5; sourceTree = BUILT_PRODUCTS_DIR; };
		52638DA0265D590B00B71CB4 /* main.cpp */ = {isa = PBXFileReference; lastKnownFileType = sourcecode.cpp.cpp; path = main.cpp; sourceTree = "<group>"; };
		52638DA8265D5A0600B71CB4 /* Reservations2.txt */ = {isa = PBXFileReference; fileEncoding = 4; lastKnownFileType = text; path = Reservations2.txt; sourceTree = SOURCE_ROOT; };
		52638DA9265D5A0600B71CB4 /* date.h */ = {isa = PBXFileReference; fileEncoding = 4; lastKnownFileType = sourcecode.c.h; path = date.h; sourceTree = SOURCE_ROOT; };
		52638DAA265D5A0600B71CB4 /* Sailors.txt */ = {isa = PBXFileReference; fileEncoding = 4; lastKnownFileType = text; path = Sailors.txt; sourceTree = SOURCE_ROOT; };
		52638DAB265D5A0600B71CB4 /* Reservation.h */ = {isa = PBXFileReference; fileEncoding = 4; lastKnownFileType = sourcecode.c.h; path = Reservation.h; sourceTree = SOURCE_ROOT; };
		52638DAC265D5A0600B71CB4 /* date-2.cpp */ = {isa = PBXFileReference; fileEncoding = 4; lastKnownFileType = sourcecode.cpp.cpp; path = "date-2.cpp"; sourceTree = SOURCE_ROOT; };
		52638DAD265D5A0600B71CB4 /* strutils.h */ = {isa = PBXFileReference; fileEncoding = 4; lastKnownFileType = sourcecode.c.h; path = strutils.h; sourceTree = SOURCE_ROOT; };
		52638DAE265D5A0600B71CB4 /* Reservations1.txt */ = {isa = PBXFileReference; fileEncoding = 4; lastKnownFileType = text; path = Reservations1.txt; sourceTree = SOURCE_ROOT; };
		52638DAF265D5A0600B71CB4 /* strutils.cpp */ = {isa = PBXFileReference; fileEncoding = 4; lastKnownFileType = sourcecode.cpp.cpp; path = strutils.cpp; sourceTree = SOURCE_ROOT; };
		52638DB3265D5AE500B71CB4 /* Boats.txt */ = {isa = PBXFileReference; lastKnownFileType = text; path = Boats.txt; sourceTree = SOURCE_ROOT; };
		52AEA45B266CE02800A5B5EC /* Reservations.cpp */ = {isa = PBXFileReference; lastKnownFileType = sourcecode.cpp.cpp; path = Reservations.cpp; sourceTree = "<group>"; };
/* End PBXFileReference section */

/* Begin PBXFrameworksBuildPhase section */
		52638D9A265D590B00B71CB4 /* Frameworks */ = {
			isa = PBXFrameworksBuildPhase;
			buildActionMask = 2147483647;
			files = (
			);
			runOnlyForDeploymentPostprocessing = 0;
		};
/* End PBXFrameworksBuildPhase section */

/* Begin PBXGroup section */
		52638D94265D590B00B71CB4 = {
			isa = PBXGroup;
			children = (
				52638D9F265D590B00B71CB4 /* THE5 */,
				52638D9E265D590B00B71CB4 /* Products */,
			);
			sourceTree = "<group>";
		};
		52638D9E265D590B00B71CB4 /* Products */ = {
			isa = PBXGroup;
			children = (
				52638D9D265D590B00B71CB4 /* THE5 */,
			);
			name = Products;
			sourceTree = "<group>";
		};
		52638D9F265D590B00B71CB4 /* THE5 */ = {
			isa = PBXGroup;
			children = (
				52638DA0265D590B00B71CB4 /* main.cpp */,
				52638DAC265D5A0600B71CB4 /* date-2.cpp */,
				52638DA9265D5A0600B71CB4 /* date.h */,
				52638DB3265D5AE500B71CB4 /* Boats.txt */,
				52AEA45B266CE02800A5B5EC /* Reservations.cpp */,
				52638DAB265D5A0600B71CB4 /* Reservation.h */,
				52638DAE265D5A0600B71CB4 /* Reservations1.txt */,
				52638DA8265D5A0600B71CB4 /* Reservations2.txt */,
				52638DAA265D5A0600B71CB4 /* Sailors.txt */,
				52638DAD265D5A0600B71CB4 /* strutils.h */,
				52638DAF265D5A0600B71CB4 /* strutils.cpp */,
			);
			path = THE5;
			sourceTree = "<group>";
		};
/* End PBXGroup section */

/* Begin PBXNativeTarget section */
		52638D9C265D590B00B71CB4 /* THE5 */ = {
			isa = PBXNativeTarget;
			buildConfigurationList = 52638DA4265D590B00B71CB4 /* Build configuration list for PBXNativeTarget "THE5" */;
			buildPhases = (
				52638D99265D590B00B71CB4 /* Sources */,
				52638D9A265D590B00B71CB4 /* Frameworks */,
				52638D9B265D590B00B71CB4 /* CopyFiles */,
			);
			buildRules = (
			);
			dependencies = (
			);
			name = THE5;
			productName = THE5;
			productReference = 52638D9D265D590B00B71CB4 /* THE5 */;
			productType = "com.apple.product-type.tool";
		};
/* End PBXNativeTarget section */

/* Begin PBXProject section */
		52638D95265D590B00B71CB4 /* Project object */ = {
			isa = PBXProject;
			attributes = {
				LastUpgradeCheck = 1240;
				TargetAttributes = {
					52638D9C265D590B00B71CB4 = {
						CreatedOnToolsVersion = 12.4;
					};
				};
			};
			buildConfigurationList = 52638D98265D590B00B71CB4 /* Build configuration list for PBXProject "THE5" */;
			compatibilityVersion = "Xcode 9.3";
			developmentRegion = en;
			hasScannedForEncodings = 0;
			knownRegions = (
				en,
				Base,
			);
			mainGroup = 52638D94265D590B00B71CB4;
			productRefGroup = 52638D9E265D590B00B71CB4 /* Products */;
			projectDirPath = "";
			projectRoot = "";
			targets = (
				52638D9C265D590B00B71CB4 /* THE5 */,
			);
		};
/* End PBXProject section */

/* Begin PBXSourcesBuildPhase section */
		52638D99265D590B00B71CB4 /* Sources */ = {
			isa = PBXSourcesBuildPhase;
			buildActionMask = 2147483647;
			files = (
				52638DB1265D5A0600B71CB4 /* strutils.cpp in Sources */,
				52638DB0265D5A0600B71CB4 /* date-2.cpp in Sources */,
				52AEA45D266CE02800A5B5EC /* Reservations.cpp in Sources */,
				52638DA1265D590B00B71CB4 /* main.cpp in Sources */,
			);
			runOnlyForDeploymentPostprocessing = 0;
		};
/* End PBXSourcesBuildPhase section */

/* Begin XCBuildConfiguration section */
		52638DA2265D590B00B71CB4 /* Debug */ = {
			isa = XCBuildConfiguration;
			buildSettings = {
				ALWAYS_SEARCH_USER_PATHS = NO;
				CLANG_ANALYZER_NONNULL = YES;
				CLANG_ANALYZER_NUMBER_OBJECT_CONVERSION = YES_AGGRESSIVE;
				CLANG_CXX_LANGUAGE_STANDARD = "gnu++14";
				CLANG_CXX_LIBRARY = "libc++";
				CLANG_ENABLE_MODULES = YES;
				CLANG_ENABLE_OBJC_ARC = YES;
				CLANG_ENABLE_OBJC_WEAK = YES;
				CLANG_WARN_BLOCK_CAPTURE_AUTORELEASING = YES;
				CLANG_WARN_BOOL_CONVERSION = YES;
				CLANG_WARN_COMMA = YES;
				CLANG_WARN_CONSTANT_CONVERSION = YES;
				CLANG_WARN_DEPRECATED_OBJC_IMPLEMENTATIONS = YES;
				CLANG_WARN_DIRECT_OBJC_ISA_USAGE = YES_ERROR;
				CLANG_WARN_DOCUMENTATION_COMMENTS = YES;
				CLANG_WARN_EMPTY_BODY = YES;
				CLANG_WARN_ENUM_CONVERSION = YES;
				CLANG_WARN_INFINITE_RECURSION = YES;
				CLANG_WARN_INT_CONVERSION = YES;
				CLANG_WARN_NON_LITERAL_NULL_CONVERSION = YES;
				CLANG_WARN_OBJC_IMPLICIT_RETAIN_SELF = YES;
				CLANG_WARN_OBJC_LITERAL_CONVERSION = YES;
				CLANG_WARN_OBJC_ROOT_CLASS = YES_ERROR;
				CLANG_WARN_QUOTED_INCLUDE_IN_FRAMEWORK_HEADER = YES;
				CLANG_WARN_RANGE_LOOP_ANALYSIS = YES;
				CLANG_WARN_STRICT_PROTOTYPES = YES;
				CLANG_WARN_SUSPICIOUS_MOVE = YES;
				CLANG_WARN_UNGUARDED_AVAILABILITY = YES_AGGRESSIVE;
				CLANG_WARN_UNREACHABLE_CODE = YES;
				CLANG_WARN__DUPLICATE_METHOD_MATCH = YES;
				COPY_PHASE_STRIP = NO;
				DEBUG_INFORMATION_FORMAT = dwarf;
				ENABLE_STRICT_OBJC_MSGSEND = YES;
				ENABLE_TESTABILITY = YES;
				GCC_C_LANGUAGE_STANDARD = gnu11;
				GCC_DYNAMIC_NO_PIC = NO;
				GCC_NO_COMMON_BLOCKS = YES;
				GCC_OPTIMIZATION_LEVEL = 0;
				GCC_PREPROCESSOR_DEFINITIONS = (
					"DEBUG=1",
					"$(inherited)",
				);
				GCC_WARN_64_TO_32_BIT_CONVERSION = YES;
				GCC_WARN_ABOUT_RETURN_TYPE = YES_ERROR;
				GCC_WARN_UNDECLARED_SELECTOR = YES;
				GCC_WARN_UNINITIALIZED_AUTOS = YES_AGGRESSIVE;
				GCC_WARN_UNUSED_FUNCTION = YES;
				GCC_WARN_UNUSED_VARIABLE = YES;
				MACOSX_DEPLOYMENT_TARGET = 11.1;
				MTL_ENABLE_DEBUG_INFO = INCLUDE_SOURCE;
				MTL_FAST_MATH = YES;
				ONLY_ACTIVE_ARCH = YES;
				SDKROOT = macosx;
			};
			name = Debug;
		};
		52638DA3265D590B00B71CB4 /* Release */ = {
			isa = XCBuildConfiguration;
			buildSettings = {
				ALWAYS_SEARCH_USER_PATHS = NO;
				CLANG_ANALYZER_NONNULL = YES;
				CLANG_ANALYZER_NUMBER_OBJECT_CONVERSION = YES_AGGRESSIVE;
				CLANG_CXX_LANGUAGE_STANDARD = "gnu++14";
				CLANG_CXX_LIBRARY = "libc++";
				CLANG_ENABLE_MODULES = YES;
				CLANG_ENABLE_OBJC_ARC = YES;
				CLANG_ENABLE_OBJC_WEAK = YES;
				CLANG_WARN_BLOCK_CAPTURE_AUTORELEASING = YES;
				CLANG_WARN_BOOL_CONVERSION = YES;
				CLANG_WARN_COMMA = YES;
				CLANG_WARN_CONSTANT_CONVERSION = YES;
				CLANG_WARN_DEPRECATED_OBJC_IMPLEMENTATIONS = YES;
				CLANG_WARN_DIRECT_OBJC_ISA_USAGE = YES_ERROR;
				CLANG_WARN_DOCUMENTATION_COMMENTS = YES;
				CLANG_WARN_EMPTY_BODY = YES;
				CLANG_WARN_ENUM_CONVERSION = YES;
				CLANG_WARN_INFINITE_RECURSION = YES;
				CLANG_WARN_INT_CONVERSION = YES;
				CLANG_WARN_NON_LITERAL_NULL_CONVERSION = YES;
				CLANG_WARN_OBJC_IMPLICIT_RETAIN_SELF = YES;
				CLANG_WARN_OBJC_LITERAL_CONVERSION = YES;
				CLANG_WARN_OBJC_ROOT_CLASS = YES_ERROR;
				CLANG_WARN_QUOTED_INCLUDE_IN_FRAMEWORK_HEADER = YES;
				CLANG_WARN_RANGE_LOOP_ANALYSIS = YES;
				CLANG_WARN_STRICT_PROTOTYPES = YES;
				CLANG_WARN_SUSPICIOUS_MOVE = YES;
				CLANG_WARN_UNGUARDED_AVAILABILITY = YES_AGGRESSIVE;
				CLANG_WARN_UNREACHABLE_CODE = YES;
				CLANG_WARN__DUPLICATE_METHOD_MATCH = YES;
				COPY_PHASE_STRIP = NO;
				DEBUG_INFORMATION_FORMAT = "dwarf-with-dsym";
				ENABLE_NS_ASSERTIONS = NO;
				ENABLE_STRICT_OBJC_MSGSEND = YES;
				GCC_C_LANGUAGE_STANDARD = gnu11;
				GCC_NO_COMMON_BLOCKS = YES;
				GCC_WARN_64_TO_32_BIT_CONVERSION = YES;
				GCC_WARN_ABOUT_RETURN_TYPE = YES_ERROR;
				GCC_WARN_UNDECLARED_SELECTOR = YES;
				GCC_WARN_UNINITIALIZED_AUTOS = YES_AGGRESSIVE;
				GCC_WARN_UNUSED_FUNCTION = YES;
				GCC_WARN_UNUSED_VARIABLE = YES;
				MACOSX_DEPLOYMENT_TARGET = 11.1;
				MTL_ENABLE_DEBUG_INFO = NO;
				MTL_FAST_MATH = YES;
				SDKROOT = macosx;
			};
			name = Release;
		};
		52638DA5265D590B00B71CB4 /* Debug */ = {
			isa = XCBuildConfiguration;
			buildSettings = {
				CODE_SIGN_STYLE = Automatic;
				DEVELOPMENT_TEAM = 3MQFZRYZ3X;
				ENABLE_HARDENED_RUNTIME = YES;
				PRODUCT_NAME = "$(TARGET_NAME)";
			};
			name = Debug;
		};
		52638DA6265D590B00B71CB4 /* Release */ = {
			isa = XCBuildConfiguration;
			buildSettings = {
				CODE_SIGN_STYLE = Automatic;
				DEVELOPMENT_TEAM = 3MQFZRYZ3X;
				ENABLE_HARDENED_RUNTIME = YES;
				PRODUCT_NAME = "$(TARGET_NAME)";
			};
			name = Release;
		};
/* End XCBuildConfiguration section */

/* Begin XCConfigurationList section */
		52638D98265D590B00B71CB4 /* Build configuration list for PBXProject "THE5" */ = {
			isa = XCConfigurationList;
			buildConfigurations = (
				52638DA2265D590B00B71CB4 /* Debug */,
				52638DA3265D590B00B71CB4 /* Release */,
			);
			defaultConfigurationIsVisible = 0;
			defaultConfigurationName = Release;
		};
		52638DA4265D590B00B71CB4 /* Build configuration list for PBXNativeTarget "THE5" */ = {
			isa = XCConfigurationList;
			buildConfigurations = (
				52638DA5265D590B00B71CB4 /* Debug */,
				52638DA6265D590B00B71CB4 /* Release */,
			);
			defaultConfigurationIsVisible = 0;
			defaultConfigurationName = Release;
		};
/* End XCConfigurationList section */
	};
	rootObject = 52638D95265D590B00B71CB4 /* Project object */;
}
